
Microsoft Visual Studio Solution File, Format Version 12.00
# Visual Studio Version 17
VisualStudioVersion = 17.5.33516.290
MinimumVisualStudioVersion = 10.0.40219.1
Project("{FAE04EC0-301F-11D3-BF4B-00C04F79EFBC}") = "CompanyApp", "CompanyApp\CompanyApp.csproj", "{479E1AF2-F486-4550-8FD4-A71A6907C04B}"
EndProject
Global
	GlobalSection(SolutionConfigurationPlatforms) = preSolution
		Debug|Any CPU = Debug|Any CPU
		Release|Any CPU = Release|Any CPU
	EndGlobalSection
	GlobalSection(ProjectConfigurationPlatforms) = postSolution
		{479E1AF2-F486-4550-8FD4-A71A6907C04B}.Debug|Any CPU.ActiveCfg = Debug|Any CPU
		{479E1AF2-F486-4550-8FD4-A71A6907C04B}.Debug|Any CPU.Build.0 = Debug|Any CPU
		{479E1AF2-F486-4550-8FD4-A71A6907C04B}.Release|Any CPU.ActiveCfg = Release|Any CPU
		{479E1AF2-F486-4550-8FD4-A71A6907C04B}.Release|Any CPU.Build.0 = Release|Any CPU
	EndGlobalSection
	GlobalSection(SolutionProperties) = preSolution
		HideSolutionNode = FALSE
	EndGlobalSection
	GlobalSection(ExtensibilityGlobals) = postSolution
		SolutionGuid = {F05488C4-2B5C-48DA-B2D3-351CDFDF4312}
	EndGlobalSection
EndGlobal
